
Microsoft Visual Studio Solution File, Format Version 12.00
# Visual Studio 2012
Project("{FAE04EC0-301F-11D3-BF4B-00C04F79EFBC}") = "ComputerCycleSoftware", "ComputerCycleSoftware\ComputerCycleSoftware.csproj", "{F7485D28-7D9C-4E39-843B-033C55850F1B}"
EndProject
Project("{FAE04EC0-301F-11D3-BF4B-00C04F79EFBC}") = "UnitTestComputercycle", "UnitTestComputercycle\UnitTestComputercycle.csproj", "{9876BC5E-EB7D-4BA1-9538-721AC4C9D084}"
EndProject
Global
	GlobalSection(SolutionConfigurationPlatforms) = preSolution
		Debug|Any CPU = Debug|Any CPU
		Release|Any CPU = Release|Any CPU
	EndGlobalSection
	GlobalSection(ProjectConfigurationPlatforms) = postSolution
		{F7485D28-7D9C-4E39-843B-033C55850F1B}.Debug|Any CPU.ActiveCfg = Debug|Any CPU
		{F7485D28-7D9C-4E39-843B-033C55850F1B}.Debug|Any CPU.Build.0 = Debug|Any CPU
		{F7485D28-7D9C-4E39-843B-033C55850F1B}.Release|Any CPU.ActiveCfg = Release|Any CPU
		{F7485D28-7D9C-4E39-843B-033C55850F1B}.Release|Any CPU.Build.0 = Release|Any CPU
		{9876BC5E-EB7D-4BA1-9538-721AC4C9D084}.Debug|Any CPU.ActiveCfg = Debug|Any CPU
		{9876BC5E-EB7D-4BA1-9538-721AC4C9D084}.Debug|Any CPU.Build.0 = Debug|Any CPU
		{9876BC5E-EB7D-4BA1-9538-721AC4C9D084}.Release|Any CPU.ActiveCfg = Release|Any CPU
		{9876BC5E-EB7D-4BA1-9538-721AC4C9D084}.Release|Any CPU.Build.0 = Release|Any CPU
	EndGlobalSection
	GlobalSection(SolutionProperties) = preSolution
		HideSolutionNode = FALSE
	EndGlobalSection
EndGlobal
